
Microsoft Visual Studio Solution File, Format Version 11.00
# Visual Studio 2010
Project("{FAE04EC0-301F-11D3-BF4B-00C04F79EFBC}") = "mvcForum.AddOns", "mvcForum.AddOns.csproj", "{2330388D-1B58-47B8-AA47-502B9F13D18C}"
EndProject
Global
	GlobalSection(SolutionConfigurationPlatforms) = preSolution
		Debug|Any CPU = Debug|Any CPU
		Release|Any CPU = Release|Any CPU
	EndGlobalSection
	GlobalSection(ProjectConfigurationPlatforms) = postSolution
		{2330388D-1B58-47B8-AA47-502B9F13D18C}.Debug|Any CPU.ActiveCfg = Debug|Any CPU
		{2330388D-1B58-47B8-AA47-502B9F13D18C}.Debug|Any CPU.Build.0 = Debug|Any CPU
		{2330388D-1B58-47B8-AA47-502B9F13D18C}.Release|Any CPU.ActiveCfg = Release|Any CPU
		{2330388D-1B58-47B8-AA47-502B9F13D18C}.Release|Any CPU.Build.0 = Release|Any CPU
	EndGlobalSection
	GlobalSection(SolutionProperties) = preSolution
		HideSolutionNode = FALSE
	EndGlobalSection
EndGlobal
